// !$*UTF8*$!
{
	archiveVersion = 1;
	classes = {
	};
	objectVersion = 56;
	objects = {

/* Begin PBXBuildFile section */
		8A447C7C2A29DF9400C2F4CC /* SVGKit in Frameworks */ = {isa = PBXBuildFile; productRef = 8A447C7B2A29DF9400C2F4CC /* SVGKit */; };
		8A447C7E2A29DF9400C2F4CC /* SVGKitSwift in Frameworks */ = {isa = PBXBuildFile; productRef = 8A447C7D2A29DF9400C2F4CC /* SVGKitSwift */; };
		8AFC1F3C2A2563D600647CDA /* AppDelegate.swift in Sources */ = {isa = PBXBuildFile; fileRef = 8AFC1F3B2A2563D600647CDA /* AppDelegate.swift */; };
		8AFC1F3E2A2563D600647CDA /* SceneDelegate.swift in Sources */ = {isa = PBXBuildFile; fileRef = 8AFC1F3D2A2563D600647CDA /* SceneDelegate.swift */; };
		8AFC1F402A2563D600647CDA /* WeatherViewController.swift in Sources */ = {isa = PBXBuildFile; fileRef = 8AFC1F3F2A2563D600647CDA /* WeatherViewController.swift */; };
		8AFC1F432A2563D600647CDA /* Main.storyboard in Resources */ = {isa = PBXBuildFile; fileRef = 8AFC1F412A2563D600647CDA /* Main.storyboard */; };
		8AFC1F452A2563D700647CDA /* Assets.xcassets in Resources */ = {isa = PBXBuildFile; fileRef = 8AFC1F442A2563D700647CDA /* Assets.xcassets */; };
		8AFC1F482A2563D700647CDA /* LaunchScreen.storyboard in Resources */ = {isa = PBXBuildFile; fileRef = 8AFC1F462A2563D700647CDA /* LaunchScreen.storyboard */; };
		8AFC1F502A256F3900647CDA /* WeatherData.swift in Sources */ = {isa = PBXBuildFile; fileRef = 8AFC1F4F2A256F3900647CDA /* WeatherData.swift */; };
/* End PBXBuildFile section */

/* Begin PBXFileReference section */
		8AFC1F382A2563D600647CDA /* WeatherYandexAPI.app */ = {isa = PBXFileReference; explicitFileType = wrapper.application; includeInIndex = 0; path = WeatherYandexAPI.app; sourceTree = BUILT_PRODUCTS_DIR; };
		8AFC1F3B2A2563D600647CDA /* AppDelegate.swift */ = {isa = PBXFileReference; lastKnownFileType = sourcecode.swift; path = AppDelegate.swift; sourceTree = "<group>"; };
		8AFC1F3D2A2563D600647CDA /* SceneDelegate.swift */ = {isa = PBXFileReference; lastKnownFileType = sourcecode.swift; path = SceneDelegate.swift; sourceTree = "<group>"; };
		8AFC1F3F2A2563D600647CDA /* WeatherViewController.swift */ = {isa = PBXFileReference; lastKnownFileType = sourcecode.swift; path = WeatherViewController.swift; sourceTree = "<group>"; };
		8AFC1F422A2563D600647CDA /* Base */ = {isa = PBXFileReference; lastKnownFileType = file.storyboard; name = Base; path = Base.lproj/Main.storyboard; sourceTree = "<group>"; };
		8AFC1F442A2563D700647CDA /* Assets.xcassets */ = {isa = PBXFileReference; lastKnownFileType = folder.assetcatalog; path = Assets.xcassets; sourceTree = "<group>"; };
		8AFC1F472A2563D700647CDA /* Base */ = {isa = PBXFileReference; lastKnownFileType = file.storyboard; name = Base; path = Base.lproj/LaunchScreen.storyboard; sourceTree = "<group>"; };
		8AFC1F492A2563D700647CDA /* Info.plist */ = {isa = PBXFileReference; lastKnownFileType = text.plist.xml; path = Info.plist; sourceTree = "<group>"; };
		8AFC1F4F2A256F3900647CDA /* WeatherData.swift */ = {isa = PBXFileReference; lastKnownFileType = sourcecode.swift; path = WeatherData.swift; sourceTree = "<group>"; };
/* End PBXFileReference section */

/* Begin PBXFrameworksBuildPhase section */
		8AFC1F352A2563D600647CDA /* Frameworks */ = {
			isa = PBXFrameworksBuildPhase;
			buildActionMask = 2147483647;
			files = (
				8A447C7E2A29DF9400C2F4CC /* SVGKitSwift in Frameworks */,
				8A447C7C2A29DF9400C2F4CC /* SVGKit in Frameworks */,
			);
			runOnlyForDeploymentPostprocessing = 0;
		};
/* End PBXFrameworksBuildPhase section */

/* Begin PBXGroup section */
		8AFC1F2F2A2563D600647CDA = {
			isa = PBXGroup;
			children = (
				8AFC1F3A2A2563D600647CDA /* WeatherYandexAPI */,
				8AFC1F392A2563D600647CDA /* Products */,
			);
			sourceTree = "<group>";
		};
		8AFC1F392A2563D600647CDA /* Products */ = {
			isa = PBXGroup;
			children = (
				8AFC1F382A2563D600647CDA /* WeatherYandexAPI.app */,
			);
			name = Products;
			sourceTree = "<group>";
		};
		8AFC1F3A2A2563D600647CDA /* WeatherYandexAPI */ = {
			isa = PBXGroup;
			children = (
				8AFC1F512A27F1A700647CDA /* Models */,
				8AFC1F522A27F1BA00647CDA /* ViewControllers */,
				8AFC1F532A27F1C800647CDA /* Storyboards */,
				8AFC1F542A27F1D600647CDA /* System */,
				8AFC1F442A2563D700647CDA /* Assets.xcassets */,
			);
			path = WeatherYandexAPI;
			sourceTree = "<group>";
		};
		8AFC1F512A27F1A700647CDA /* Models */ = {
			isa = PBXGroup;
			children = (
				8AFC1F4F2A256F3900647CDA /* WeatherData.swift */,
			);
			path = Models;
			sourceTree = "<group>";
		};
		8AFC1F522A27F1BA00647CDA /* ViewControllers */ = {
			isa = PBXGroup;
			children = (
				8AFC1F3F2A2563D600647CDA /* WeatherViewController.swift */,
			);
			path = ViewControllers;
			sourceTree = "<group>";
		};
		8AFC1F532A27F1C800647CDA /* Storyboards */ = {
			isa = PBXGroup;
			children = (
				8AFC1F412A2563D600647CDA /* Main.storyboard */,
				8AFC1F462A2563D700647CDA /* LaunchScreen.storyboard */,
			);
			path = Storyboards;
			sourceTree = "<group>";
		};
		8AFC1F542A27F1D600647CDA /* System */ = {
			isa = PBXGroup;
			children = (
				8AFC1F3B2A2563D600647CDA /* AppDelegate.swift */,
				8AFC1F3D2A2563D600647CDA /* SceneDelegate.swift */,
				8AFC1F492A2563D700647CDA /* Info.plist */,
			);
			path = System;
			sourceTree = "<group>";
		};
/* End PBXGroup section */

/* Begin PBXNativeTarget section */
		8AFC1F372A2563D600647CDA /* WeatherYandexAPI */ = {
			isa = PBXNativeTarget;
			buildConfigurationList = 8AFC1F4C2A2563D700647CDA /* Build configuration list for PBXNativeTarget "WeatherYandexAPI" */;
			buildPhases = (
				8AFC1F342A2563D600647CDA /* Sources */,
				8AFC1F352A2563D600647CDA /* Frameworks */,
				8AFC1F362A2563D600647CDA /* Resources */,
			);
			buildRules = (
			);
			dependencies = (
			);
			name = WeatherYandexAPI;
			packageProductDependencies = (
				8A447C7B2A29DF9400C2F4CC /* SVGKit */,
				8A447C7D2A29DF9400C2F4CC /* SVGKitSwift */,
			);
			productName = WeatherYandexAPI;
			productReference = 8AFC1F382A2563D600647CDA /* WeatherYandexAPI.app */;
			productType = "com.apple.product-type.application";
		};
/* End PBXNativeTarget section */

/* Begin PBXProject section */
		8AFC1F302A2563D600647CDA /* Project object */ = {
			isa = PBXProject;
			attributes = {
				BuildIndependentTargetsInParallel = 1;
				LastSwiftUpdateCheck = 1430;
				LastUpgradeCheck = 1430;
				TargetAttributes = {
					8AFC1F372A2563D600647CDA = {
						CreatedOnToolsVersion = 14.3;
					};
				};
			};
			buildConfigurationList = 8AFC1F332A2563D600647CDA /* Build configuration list for PBXProject "WeatherYandexAPI" */;
			compatibilityVersion = "Xcode 14.0";
			developmentRegion = en;
			hasScannedForEncodings = 0;
			knownRegions = (
				en,
				Base,
			);
			mainGroup = 8AFC1F2F2A2563D600647CDA;
			packageReferences = (
				8A447C7A2A29DF9400C2F4CC /* XCRemoteSwiftPackageReference "SVGKit" */,
			);
			productRefGroup = 8AFC1F392A2563D600647CDA /* Products */;
			projectDirPath = "";
			projectRoot = "";
			targets = (
				8AFC1F372A2563D600647CDA /* WeatherYandexAPI */,
			);
		};
/* End PBXProject section */

/* Begin PBXResourcesBuildPhase section */
		8AFC1F362A2563D600647CDA /* Resources */ = {
			isa = PBXResourcesBuildPhase;
			buildActionMask = 2147483647;
			files = (
				8AFC1F482A2563D700647CDA /* LaunchScreen.storyboard in Resources */,
				8AFC1F452A2563D700647CDA /* Assets.xcassets in Resources */,
				8AFC1F432A2563D600647CDA /* Main.storyboard in Resources */,
			);
			runOnlyForDeploymentPostprocessing = 0;
		};
/* End PBXResourcesBuildPhase section */

/* Begin PBXSourcesBuildPhase section */
		8AFC1F342A2563D600647CDA /* Sources */ = {
			isa = PBXSourcesBuildPhase;
			buildActionMask = 2147483647;
			files = (
				8AFC1F402A2563D600647CDA /* WeatherViewController.swift in Sources */,
				8AFC1F3C2A2563D600647CDA /* AppDelegate.swift in Sources */,
				8AFC1F502A256F3900647CDA /* WeatherData.swift in Sources */,
				8AFC1F3E2A2563D600647CDA /* SceneDelegate.swift in Sources */,
			);
			runOnlyForDeploymentPostprocessing = 0;
		};
/* End PBXSourcesBuildPhase section */

/* Begin PBXVariantGroup section */
		8AFC1F412A2563D600647CDA /* Main.storyboard */ = {
			isa = PBXVariantGroup;
			children = (
				8AFC1F422A2563D600647CDA /* Base */,
			);
			name = Main.storyboard;
			sourceTree = "<group>";
		};
		8AFC1F462A2563D700647CDA /* LaunchScreen.storyboard */ = {
			isa = PBXVariantGroup;
			children = (
				8AFC1F472A2563D700647CDA /* Base */,
			);
			name = LaunchScreen.storyboard;
			sourceTree = "<group>";
		};
/* End PBXVariantGroup section */

/* Begin XCBuildConfiguration section */
		8AFC1F4A2A2563D700647CDA /* Debug */ = {
			isa = XCBuildConfiguration;
			buildSettings = {
				ALWAYS_SEARCH_USER_PATHS = NO;
				CLANG_ANALYZER_NONNULL = YES;
				CLANG_ANALYZER_NUMBER_OBJECT_CONVERSION = YES_AGGRESSIVE;
				CLANG_CXX_LANGUAGE_STANDARD = "gnu++20";
				CLANG_ENABLE_MODULES = YES;
				CLANG_ENABLE_OBJC_ARC = YES;
				CLANG_ENABLE_OBJC_WEAK = YES;
				CLANG_WARN_BLOCK_CAPTURE_AUTORELEASING = YES;
				CLANG_WARN_BOOL_CONVERSION = YES;
				CLANG_WARN_COMMA = YES;
				CLANG_WARN_CONSTANT_CONVERSION = YES;
				CLANG_WARN_DEPRECATED_OBJC_IMPLEMENTATIONS = YES;
				CLANG_WARN_DIRECT_OBJC_ISA_USAGE = YES_ERROR;
				CLANG_WARN_DOCUMENTATION_COMMENTS = YES;
				CLANG_WARN_EMPTY_BODY = YES;
				CLANG_WARN_ENUM_CONVERSION = YES;
				CLANG_WARN_INFINITE_RECURSION = YES;
				CLANG_WARN_INT_CONVERSION = YES;
				CLANG_WARN_NON_LITERAL_NULL_CONVERSION = YES;
				CLANG_WARN_OBJC_IMPLICIT_RETAIN_SELF = YES;
				CLANG_WARN_OBJC_LITERAL_CONVERSION = YES;
				CLANG_WARN_OBJC_ROOT_CLASS = YES_ERROR;
				CLANG_WARN_QUOTED_INCLUDE_IN_FRAMEWORK_HEADER = YES;
				CLANG_WARN_RANGE_LOOP_ANALYSIS = YES;
				CLANG_WARN_STRICT_PROTOTYPES = YES;
				CLANG_WARN_SUSPICIOUS_MOVE = YES;
				CLANG_WARN_UNGUARDED_AVAILABILITY = YES_AGGRESSIVE;
				CLANG_WARN_UNREACHABLE_CODE = YES;
				CLANG_WARN__DUPLICATE_METHOD_MATCH = YES;
				COPY_PHASE_STRIP = NO;
				DEBUG_INFORMATION_FORMAT = dwarf;
				ENABLE_STRICT_OBJC_MSGSEND = YES;
				ENABLE_TESTABILITY = YES;
				GCC_C_LANGUAGE_STANDARD = gnu11;
				GCC_DYNAMIC_NO_PIC = NO;
				GCC_NO_COMMON_BLOCKS = YES;
				GCC_OPTIMIZATION_LEVEL = 0;
				GCC_PREPROCESSOR_DEFINITIONS = (
					"DEBUG=1",
					"$(inherited)",
				);
				GCC_WARN_64_TO_32_BIT_CONVERSION = YES;
				GCC_WARN_ABOUT_RETURN_TYPE = YES_ERROR;
				GCC_WARN_UNDECLARED_SELECTOR = YES;
				GCC_WARN_UNINITIALIZED_AUTOS = YES_AGGRESSIVE;
				GCC_WARN_UNUSED_FUNCTION = YES;
				GCC_WARN_UNUSED_VARIABLE = YES;
				IPHONEOS_DEPLOYMENT_TARGET = 16.4;
				MTL_ENABLE_DEBUG_INFO = INCLUDE_SOURCE;
				MTL_FAST_MATH = YES;
				ONLY_ACTIVE_ARCH = YES;
				SDKROOT = iphoneos;
				SWIFT_ACTIVE_COMPILATION_CONDITIONS = DEBUG;
				SWIFT_OPTIMIZATION_LEVEL = "-Onone";
			};
			name = Debug;
		};
		8AFC1F4B2A2563D700647CDA /* Release */ = {
			isa = XCBuildConfiguration;
			buildSettings = {
				ALWAYS_SEARCH_USER_PATHS = NO;
				CLANG_ANALYZER_NONNULL = YES;
				CLANG_ANALYZER_NUMBER_OBJECT_CONVERSION = YES_AGGRESSIVE;
				CLANG_CXX_LANGUAGE_STANDARD = "gnu++20";
				CLANG_ENABLE_MODULES = YES;
				CLANG_ENABLE_OBJC_ARC = YES;
				CLANG_ENABLE_OBJC_WEAK = YES;
				CLANG_WARN_BLOCK_CAPTURE_AUTORELEASING = YES;
				CLANG_WARN_BOOL_CONVERSION = YES;
				CLANG_WARN_COMMA = YES;
				CLANG_WARN_CONSTANT_CONVERSION = YES;
				CLANG_WARN_DEPRECATED_OBJC_IMPLEMENTATIONS = YES;
				CLANG_WARN_DIRECT_OBJC_ISA_USAGE = YES_ERROR;
				CLANG_WARN_DOCUMENTATION_COMMENTS = YES;
				CLANG_WARN_EMPTY_BODY = YES;
				CLANG_WARN_ENUM_CONVERSION = YES;
				CLANG_WARN_INFINITE_RECURSION = YES;
				CLANG_WARN_INT_CONVERSION = YES;
				CLANG_WARN_NON_LITERAL_NULL_CONVERSION = YES;
				CLANG_WARN_OBJC_IMPLICIT_RETAIN_SELF = YES;
				CLANG_WARN_OBJC_LITERAL_CONVERSION = YES;
				CLANG_WARN_OBJC_ROOT_CLASS = YES_ERROR;
				CLANG_WARN_QUOTED_INCLUDE_IN_FRAMEWORK_HEADER = YES;
				CLANG_WARN_RANGE_LOOP_ANALYSIS = YES;
				CLANG_WARN_STRICT_PROTOTYPES = YES;
				CLANG_WARN_SUSPICIOUS_MOVE = YES;
				CLANG_WARN_UNGUARDED_AVAILABILITY = YES_AGGRESSIVE;
				CLANG_WARN_UNREACHABLE_CODE = YES;
				CLANG_WARN__DUPLICATE_METHOD_MATCH = YES;
				COPY_PHASE_STRIP = NO;
				DEBUG_INFORMATION_FORMAT = "dwarf-with-dsym";
				ENABLE_NS_ASSERTIONS = NO;
				ENABLE_STRICT_OBJC_MSGSEND = YES;
				GCC_C_LANGUAGE_STANDARD = gnu11;
				GCC_NO_COMMON_BLOCKS = YES;
				GCC_WARN_64_TO_32_BIT_CONVERSION = YES;
				GCC_WARN_ABOUT_RETURN_TYPE = YES_ERROR;
				GCC_WARN_UNDECLARED_SELECTOR = YES;
				GCC_WARN_UNINITIALIZED_AUTOS = YES_AGGRESSIVE;
				GCC_WARN_UNUSED_FUNCTION = YES;
				GCC_WARN_UNUSED_VARIABLE = YES;
				IPHONEOS_DEPLOYMENT_TARGET = 16.4;
				MTL_ENABLE_DEBUG_INFO = NO;
				MTL_FAST_MATH = YES;
				SDKROOT = iphoneos;
				SWIFT_COMPILATION_MODE = wholemodule;
				SWIFT_OPTIMIZATION_LEVEL = "-O";
				VALIDATE_PRODUCT = YES;
			};
			name = Release;
		};
		8AFC1F4D2A2563D700647CDA /* Debug */ = {
			isa = XCBuildConfiguration;
			buildSettings = {
				ASSETCATALOG_COMPILER_APPICON_NAME = AppIcon;
				ASSETCATALOG_COMPILER_GLOBAL_ACCENT_COLOR_NAME = AccentColor;
				CODE_SIGN_STYLE = Automatic;
				CURRENT_PROJECT_VERSION = 1;
				DEVELOPMENT_TEAM = P894A63FN8;
				GENERATE_INFOPLIST_FILE = YES;
				INFOPLIST_FILE = WeatherYandexAPI/System/Info.plist;
				INFOPLIST_KEY_UIApplicationSupportsIndirectInputEvents = YES;
				INFOPLIST_KEY_UILaunchStoryboardName = LaunchScreen;
				INFOPLIST_KEY_UIMainStoryboardFile = Main;
				INFOPLIST_KEY_UISupportedInterfaceOrientations_iPad = "UIInterfaceOrientationPortrait UIInterfaceOrientationPortraitUpsideDown UIInterfaceOrientationLandscapeLeft UIInterfaceOrientationLandscapeRight";
				INFOPLIST_KEY_UISupportedInterfaceOrientations_iPhone = "UIInterfaceOrientationPortrait UIInterfaceOrientationLandscapeLeft UIInterfaceOrientationLandscapeRight";
				LD_RUNPATH_SEARCH_PATHS = (
					"$(inherited)",
					"@executable_path/Frameworks",
				);
				MARKETING_VERSION = 1.0;
				PRODUCT_BUNDLE_IDENTIFIER = "Alexey-Manohin.WeatherYandexAPI2";
				PRODUCT_NAME = "$(TARGET_NAME)";
				SUPPORTED_PLATFORMS = "iphoneos iphonesimulator";
				SUPPORTS_MACCATALYST = NO;
				SUPPORTS_MAC_DESIGNED_FOR_IPHONE_IPAD = NO;
				SWIFT_EMIT_LOC_STRINGS = YES;
				SWIFT_VERSION = 5.0;
				TARGETED_DEVICE_FAMILY = 1;
			};
			name = Debug;
		};
		8AFC1F4E2A2563D700647CDA /* Release */ = {
			isa = XCBuildConfiguration;
			buildSettings = {
				ASSETCATALOG_COMPILER_APPICON_NAME = AppIcon;
				ASSETCATALOG_COMPILER_GLOBAL_ACCENT_COLOR_NAME = AccentColor;
				CODE_SIGN_STYLE = Automatic;
				CURRENT_PROJECT_VERSION = 1;
				DEVELOPMENT_TEAM = P894A63FN8;
				GENERATE_INFOPLIST_FILE = YES;
				INFOPLIST_FILE = WeatherYandexAPI/System/Info.plist;
				INFOPLIST_KEY_UIApplicationSupportsIndirectInputEvents = YES;
				INFOPLIST_KEY_UILaunchStoryboardName = LaunchScreen;
				INFOPLIST_KEY_UIMainStoryboardFile = Main;
				INFOPLIST_KEY_UISupportedInterfaceOrientations_iPad = "UIInterfaceOrientationPortrait UIInterfaceOrientationPortraitUpsideDown UIInterfaceOrientationLandscapeLeft UIInterfaceOrientationLandscapeRight";
				INFOPLIST_KEY_UISupportedInterfaceOrientations_iPhone = "UIInterfaceOrientationPortrait UIInterfaceOrientationLandscapeLeft UIInterfaceOrientationLandscapeRight";
				LD_RUNPATH_SEARCH_PATHS = (
					"$(inherited)",
					"@executable_path/Frameworks",
				);
				MARKETING_VERSION = 1.0;
				PRODUCT_BUNDLE_IDENTIFIER = "Alexey-Manohin.WeatherYandexAPI2";
				PRODUCT_NAME = "$(TARGET_NAME)";
				SUPPORTED_PLATFORMS = "iphoneos iphonesimulator";
				SUPPORTS_MACCATALYST = NO;
				SUPPORTS_MAC_DESIGNED_FOR_IPHONE_IPAD = NO;
				SWIFT_EMIT_LOC_STRINGS = YES;
				SWIFT_VERSION = 5.0;
				TARGETED_DEVICE_FAMILY = 1;
			};
			name = Release;
		};
/* End XCBuildConfiguration section */

/* Begin XCConfigurationList section */
		8AFC1F332A2563D600647CDA /* Build configuration list for PBXProject "WeatherYandexAPI" */ = {
			isa = XCConfigurationList;
			buildConfigurations = (
				8AFC1F4A2A2563D700647CDA /* Debug */,
				8AFC1F4B2A2563D700647CDA /* Release */,
			);
			defaultConfigurationIsVisible = 0;
			defaultConfigurationName = Release;
		};
		8AFC1F4C2A2563D700647CDA /* Build configuration list for PBXNativeTarget "WeatherYandexAPI" */ = {
			isa = XCConfigurationList;
			buildConfigurations = (
				8AFC1F4D2A2563D700647CDA /* Debug */,
				8AFC1F4E2A2563D700647CDA /* Release */,
			);
			defaultConfigurationIsVisible = 0;
			defaultConfigurationName = Release;
		};
/* End XCConfigurationList section */

/* Begin XCRemoteSwiftPackageReference section */
		8A447C7A2A29DF9400C2F4CC /* XCRemoteSwiftPackageReference "SVGKit" */ = {
			isa = XCRemoteSwiftPackageReference;
			repositoryURL = "https://github.com/SVGKit/SVGKit.git";
			requirement = {
				kind = upToNextMajorVersion;
				minimumVersion = 3.0.0;
			};
		};
/* End XCRemoteSwiftPackageReference section */

/* Begin XCSwiftPackageProductDependency section */
		8A447C7B2A29DF9400C2F4CC /* SVGKit */ = {
			isa = XCSwiftPackageProductDependency;
			package = 8A447C7A2A29DF9400C2F4CC /* XCRemoteSwiftPackageReference "SVGKit" */;
			productName = SVGKit;
		};
		8A447C7D2A29DF9400C2F4CC /* SVGKitSwift */ = {
			isa = XCSwiftPackageProductDependency;
			package = 8A447C7A2A29DF9400C2F4CC /* XCRemoteSwiftPackageReference "SVGKit" */;
			productName = SVGKitSwift;
		};
/* End XCSwiftPackageProductDependency section */
	};
	rootObject = 8AFC1F302A2563D600647CDA /* Project object */;
}
